<?xml version="1.0" encoding="utf-8"?>
<Project ToolsVersion="4.0" xmlns="http://schemas.microsoft.com/developer/msbuild/2003">
  <ItemGroup>
    <Filter Include="Source Files">
      <UniqueIdentifier>{4FC737F1-C7A5-4376-A066-2A32D752A2FF}</UniqueIdentifier>
      <Extensions>cpp;c;cc;cxx;def;odl;idl;hpj;bat;asm;asmx</Extensions>
    </Filter>
    <Filter Include="Header Files">
      <UniqueIdentifier>{93995380-89BD-4b04-88EB-625FBE52EBFB}</UniqueIdentifier>
      <Extensions>h;hpp;hxx;hm;inl;inc;xsd</Extensions>
    </Filter>
    <Filter Include="Resource Files">
      <UniqueIdentifier>{67DA6AB6-F800-4c08-8B7A-83BB121AAD01}</UniqueIdentifier>
      <Extensions>rc;ico;cur;bmp;dlg;rc2;rct;bin;rgs;gif;jpg;jpeg;jpe;resx;tiff;tif;png;wav</Extensions>
    </Filter>
  </ItemGroup>
  <ItemGroup>
    <ClCompile Include="EyeXHost.cpp">
      <Filter>Source Files</Filter>
    </ClCompile>
    <ClCompile Include="Peca.cpp">
      <Filter>Source Files</Filter>
    </ClCompile>
    <ClCompile Include="PiscaDama.cpp">
      <Filter>Source Files</Filter>
    </ClCompile>
    <ClCompile Include="stdafx.cpp">
      <Filter>Source Files</Filter>
    </ClCompile>
    <ClCompile Include="Tabuleiro.cpp">
      <Filter>Source Files</Filter>
    </ClCompile>
    <ClCompile Include="TabuleiroWindow.cpp">
      <Filter>Source Files</Filter>
    </ClCompile>
  </ItemGroup>
  <ItemGroup>
    <ClInclude Include="Constantes.h">
      <Filter>Header Files</Filter>
    </ClInclude>
    <ClInclude Include="EyeXHost.h">
      <Filter>Header Files</Filter>
    </ClInclude>
    <ClInclude Include="Observer.h">
      <Filter>Header Files</Filter>
    </ClInclude>
    <ClInclude Include="Peca.h">
      <Filter>Header Files</Filter>
    </ClInclude>
    <ClInclude Include="Resource.h">
      <Filter>Header Files</Filter>
    </ClInclude>
    <ClInclude Include="stdafx.h">
      <Filter>Header Files</Filter>
    </ClInclude>
    <ClInclude Include="Tabuleiro.h">
      <Filter>Header Files</Filter>
    </ClInclude>
    <ClInclude Include="TabuleiroWindow.h">
      <Filter>Header Files</Filter>
    </ClInclude>
    <ClInclude Include="targetver.h">
      <Filter>Header Files</Filter>
    </ClInclude>
    <ClInclude Include="include\eyex\EyeX.h">
      <Filter>Header Files</Filter>
    </ClInclude>
    <ClInclude Include="include\eyex\EyeXActions.h">
      <Filter>Header Files</Filter>
    </ClInclude>
    <ClInclude Include="include\eyex\EyeXAsyncData.h">
      <Filter>Header Files</Filter>
    </ClInclude>
    <ClInclude Include="include\eyex\EyeXBehavior.h">
      <Filter>Header Files</Filter>
    </ClInclude>
    <ClInclude Include="include\eyex\EyeXBounds.h">
      <Filter>Header Files</Filter>
    </ClInclude>
    <ClInclude Include="include\eyex\EyeXClientTypes.h">
      <Filter>Header Files</Filter>
    </ClInclude>
    <ClInclude Include="include\eyex\EyeXCommand.h">
      <Filter>Header Files</Filter>
    </ClInclude>
    <ClInclude Include="include\eyex\EyeXContext.h">
      <Filter>Header Files</Filter>
    </ClInclude>
    <ClInclude Include="include\eyex\EyeXEvent.h">
      <Filter>Header Files</Filter>
    </ClInclude>
    <ClInclude Include="include\eyex\EyeXFrameworkTypes.h">
      <Filter>Header Files</Filter>
    </ClInclude>
    <ClInclude Include="include\eyex\EyeXInteractor.h">
      <Filter>Header Files</Filter>
    </ClInclude>
    <ClInclude Include="include\eyex\EyeXInternalLiterals.h">
      <Filter>Header Files</Filter>
    </ClInclude>
    <ClInclude Include="include\eyex\EyeXInternalTypes.h">
      <Filter>Header Files</Filter>
    </ClInclude>
    <ClInclude Include="include\eyex\EyeXLiterals.h">
      <Filter>Header Files</Filter>
    </ClInclude>
    <ClInclude Include="include\eyex\EyeXMacros.h">
      <Filter>Header Files</Filter>
    </ClInclude>
    <ClInclude Include="include\eyex\EyeXNotification.h">
      <Filter>Header Files</Filter>
    </ClInclude>
    <ClInclude Include="include\eyex\EyeXObject.h">
      <Filter>Header Files</Filter>
    </ClInclude>
    <ClInclude Include="include\eyex\EyeXProperty.h">
      <Filter>Header Files</Filter>
    </ClInclude>
    <ClInclude Include="include\eyex\EyeXQuery.h">
      <Filter>Header Files</Filter>
    </ClInclude>
    <ClInclude Include="include\eyex\EyeXSnapshot.h">
      <Filter>Header Files</Filter>
    </ClInclude>
    <ClInclude Include="include\eyex\EyeXStates.h">
      <Filter>Header Files</Filter>
    </ClInclude>
    <ClInclude Include="include\eyex\EyeXSystem.h">
      <Filter>Header Files</Filter>
    </ClInclude>
    <ClInclude Include="include\eyex\EyeXUtils.h">
      <Filter>Header Files</Filter>
    </ClInclude>
    <ClInclude Include="include\eyex-cpp\APIException.hpp">
      <Filter>Header Files</Filter>
    </ClInclude>
    <ClInclude Include="include\eyex-cpp\AsyncData.hpp">
      <Filter>Header Files</Filter>
    </ClInclude>
    <ClInclude Include="include\eyex-cpp\Callbacks.hpp">
      <Filter>Header Files</Filter>
    </ClInclude>
    <ClInclude Include="include\eyex-cpp\EyeX.hpp">
      <Filter>Header Files</Filter>
    </ClInclude>
    <ClInclude Include="include\eyex-cpp\HandleWrapper.hpp">
      <Filter>Header Files</Filter>
    </ClInclude>
    <ClInclude Include="include\eyex-cpp\InteractionAgentBase.hpp">
      <Filter>Header Files</Filter>
    </ClInclude>
    <ClInclude Include="include\eyex-cpp\InteractionBehavior.hpp">
      <Filter>Header Files</Filter>
    </ClInclude>
    <ClInclude Include="include\eyex-cpp\InteractionBounds.hpp">
      <Filter>Header Files</Filter>
    </ClInclude>
    <ClInclude Include="include\eyex-cpp\InteractionCommand.hpp">
      <Filter>Header Files</Filter>
    </ClInclude>
    <ClInclude Include="include\eyex-cpp\InteractionContext.hpp">
      <Filter>Header Files</Filter>
    </ClInclude>
    <ClInclude Include="include\eyex-cpp\InteractionEvent.hpp">
      <Filter>Header Files</Filter>
    </ClInclude>
    <ClInclude Include="include\eyex-cpp\InteractionMask.hpp">
      <Filter>Header Files</Filter>
    </ClInclude>
    <ClInclude Include="include\eyex-cpp\InteractionNotification.hpp">
      <Filter>Header Files</Filter>
    </ClInclude>
    <ClInclude Include="include\eyex-cpp\InteractionObject.hpp">
      <Filter>Header Files</Filter>
    </ClInclude>
    <ClInclude Include="include\eyex-cpp\InteractionQuery.hpp">
      <Filter>Header Files</Filter>
    </ClInclude>
    <ClInclude Include="include\eyex-cpp\InteractionSnapshot.hpp">
      <Filter>Header Files</Filter>
    </ClInclude>
    <ClInclude Include="include\eyex-cpp\InteractionSystem.hpp">
      <Filter>Header Files</Filter>
    </ClInclude>
    <ClInclude Include="include\eyex-cpp\Interactor.hpp">
      <Filter>Header Files</Filter>
    </ClInclude>
    <ClInclude Include="include\eyex-cpp\Property.hpp">
      <Filter>Header Files</Filter>
    </ClInclude>
    <ClInclude Include="include\eyex-cpp\PropertyBag.hpp">
      <Filter>Header Files</Filter>
    </ClInclude>
    <ClInclude Include="include\eyex-cpp\PropertyValueResolver.hpp">
      <Filter>Header Files</Filter>
    </ClInclude>
    <ClInclude Include="include\eyex-cpp\StateBag.hpp">
      <Filter>Header Files</Filter>
    </ClInclude>
  </ItemGroup>
  <ItemGroup>
    <None Include="include\eyex-cpp\AsyncData.inl">
      <Filter>Header Files</Filter>
    </None>
    <None Include="include\eyex-cpp\HandleWrapper.inl">
      <Filter>Header Files</Filter>
    </None>
    <None Include="include\eyex-cpp\InteractionAgentBase.inl">
      <Filter>Header Files</Filter>
    </None>
    <None Include="include\eyex-cpp\InteractionBehavior.inl">
      <Filter>Header Files</Filter>
    </None>
    <None Include="include\eyex-cpp\InteractionBounds.inl">
      <Filter>Header Files</Filter>
    </None>
    <None Include="include\eyex-cpp\InteractionCommand.inl">
      <Filter>Header Files</Filter>
    </None>
    <None Include="include\eyex-cpp\InteractionContext.inl">
      <Filter>Header Files</Filter>
    </None>
    <None Include="include\eyex-cpp\InteractionEvent.inl">
      <Filter>Header Files</Filter>
    </None>
    <None Include="include\eyex-cpp\InteractionMask.inl">
      <Filter>Header Files</Filter>
    </None>
    <None Include="include\eyex-cpp\InteractionNotification.inl">
      <Filter>Header Files</Filter>
    </None>
    <None Include="include\eyex-cpp\InteractionObject.inl">
      <Filter>Header Files</Filter>
    </None>
    <None Include="include\eyex-cpp\InteractionQuery.inl">
      <Filter>Header Files</Filter>
    </None>
    <None Include="include\eyex-cpp\InteractionSnapshot.inl">
      <Filter>Header Files</Filter>
    </None>
    <None Include="include\eyex-cpp\InteractionSystem.inl">
      <Filter>Header Files</Filter>
    </None>
    <None Include="include\eyex-cpp\Interactor.inl">
      <Filter>Header Files</Filter>
    </None>
    <None Include="include\eyex-cpp\Property.inl">
      <Filter>Header Files</Filter>
    </None>
    <None Include="include\eyex-cpp\PropertyBag.inl">
      <Filter>Header Files</Filter>
    </None>
    <None Include="include\eyex-cpp\PropertyValueResolver.inl">
      <Filter>Header Files</Filter>
    </None>
    <None Include="include\eyex-cpp\StateBag.inl">
      <Filter>Header Files</Filter>
    </None>
  </ItemGroup>
  <ItemGroup>
    <ResourceCompile Include="ActivatableBoardGame.rc">
      <Filter>Resource Files</Filter>
    </ResourceCompile>
  </ItemGroup>
</Project>